
Microsoft Visual Studio Solution File, Format Version 12.00
# Visual Studio Version 16
VisualStudioVersion = 16.0.31205.134
MinimumVisualStudioVersion = 10.0.40219.1
Project("{9A19103F-16F7-4668-BE54-9A1E7A4F7556}") = "knorretje.client", "knorretje.client\knorretje.client.csproj", "{E65C510B-DC82-41E5-BF43-DA172575A1EC}"
EndProject
Global
	GlobalSection(SolutionConfigurationPlatforms) = preSolution
		Debug|Any CPU = Debug|Any CPU
		Release|Any CPU = Release|Any CPU
	EndGlobalSection
	GlobalSection(ProjectConfigurationPlatforms) = postSolution
		{E65C510B-DC82-41E5-BF43-DA172575A1EC}.Debug|Any CPU.ActiveCfg = Debug|Any CPU
		{E65C510B-DC82-41E5-BF43-DA172575A1EC}.Debug|Any CPU.Build.0 = Debug|Any CPU
		{E65C510B-DC82-41E5-BF43-DA172575A1EC}.Release|Any CPU.ActiveCfg = Release|Any CPU
		{E65C510B-DC82-41E5-BF43-DA172575A1EC}.Release|Any CPU.Build.0 = Release|Any CPU
	EndGlobalSection
	GlobalSection(SolutionProperties) = preSolution
		HideSolutionNode = FALSE
	EndGlobalSection
	GlobalSection(ExtensibilityGlobals) = postSolution
		SolutionGuid = {01B39968-FFCA-448D-917B-CAD51FF07DA9}
	EndGlobalSection
EndGlobal
